
Microsoft Visual Studio Solution File, Format Version 12.00
# Visual Studio 15
VisualStudioVersion = 15.0.27004.2009
MinimumVisualStudioVersion = 10.0.40219.1
Project("{FAE04EC0-301F-11D3-BF4B-00C04F79EFBC}") = "Installer", "Installer\Installer.csproj", "{44555887-C439-470C-944D-8866EC3D7067}"
EndProject
Project("{2150E333-8FDC-42A3-9474-1A3956D46DE8}") = "build", "build", "{A424684D-86E2-4AF5-B707-E8E3FBDB696B}"
	ProjectSection(SolutionItems) = preProject
		..\.editorconfig = ..\.editorconfig
		..\.gitignore = ..\.gitignore
		..\build.bat = ..\build.bat
		..\paket.dependencies = ..\paket.dependencies
		..\README.md = ..\README.md
	EndProjectSection
EndProject
Project("{F2A71F9B-5D33-465A-A702-920D77279786}") = "scripts", "..\build\scripts\scripts.fsproj", "{86F63532-E509-49A1-8D83-A4651E073B16}"
EndProject
Project("{2150E333-8FDC-42A3-9474-1A3956D46DE8}") = "Solution Items", "Solution Items", "{4707B6FD-07E5-40C3-B6B4-6504BDB368E3}"
	ProjectSection(SolutionItems) = preProject
		..\..\.editorconfig = ..\..\.editorconfig
	EndProjectSection
EndProject
Project("{FAE04EC0-301F-11D3-BF4B-00C04F79EFBC}") = "InstallerCA", "InstallerCA\InstallerCA.csproj", "{4498D74B-E5C5-48BB-A9D4-8CC55B7B0909}"
EndProject
Global
	GlobalSection(SolutionConfigurationPlatforms) = preSolution
		Debug|Any CPU = Debug|Any CPU
		Debug|x86 = Debug|x86
		Release|Any CPU = Release|Any CPU
		Release|x86 = Release|x86
	EndGlobalSection
	GlobalSection(ProjectConfigurationPlatforms) = postSolution
		{44555887-C439-470C-944D-8866EC3D7067}.Debug|Any CPU.ActiveCfg = Debug|Any CPU
		{44555887-C439-470C-944D-8866EC3D7067}.Debug|Any CPU.Build.0 = Debug|Any CPU
		{44555887-C439-470C-944D-8866EC3D7067}.Debug|x86.ActiveCfg = Debug|Any CPU
		{44555887-C439-470C-944D-8866EC3D7067}.Debug|x86.Build.0 = Debug|Any CPU
		{44555887-C439-470C-944D-8866EC3D7067}.Release|Any CPU.ActiveCfg = Release|Any CPU
		{44555887-C439-470C-944D-8866EC3D7067}.Release|Any CPU.Build.0 = Release|Any CPU
		{44555887-C439-470C-944D-8866EC3D7067}.Release|x86.ActiveCfg = Release|Any CPU
		{44555887-C439-470C-944D-8866EC3D7067}.Release|x86.Build.0 = Release|Any CPU
		{86F63532-E509-49A1-8D83-A4651E073B16}.Debug|Any CPU.ActiveCfg = Debug|Any CPU
		{86F63532-E509-49A1-8D83-A4651E073B16}.Debug|Any CPU.Build.0 = Debug|Any CPU
		{86F63532-E509-49A1-8D83-A4651E073B16}.Debug|x86.ActiveCfg = Debug|x86
		{86F63532-E509-49A1-8D83-A4651E073B16}.Debug|x86.Build.0 = Debug|x86
		{86F63532-E509-49A1-8D83-A4651E073B16}.Release|Any CPU.ActiveCfg = Release|Any CPU
		{86F63532-E509-49A1-8D83-A4651E073B16}.Release|Any CPU.Build.0 = Release|Any CPU
		{86F63532-E509-49A1-8D83-A4651E073B16}.Release|x86.ActiveCfg = Release|x86
		{86F63532-E509-49A1-8D83-A4651E073B16}.Release|x86.Build.0 = Release|x86
		{4498D74B-E5C5-48BB-A9D4-8CC55B7B0909}.Debug|Any CPU.ActiveCfg = Debug|Any CPU
		{4498D74B-E5C5-48BB-A9D4-8CC55B7B0909}.Debug|Any CPU.Build.0 = Debug|Any CPU
		{4498D74B-E5C5-48BB-A9D4-8CC55B7B0909}.Debug|x86.ActiveCfg = Debug|Any CPU
		{4498D74B-E5C5-48BB-A9D4-8CC55B7B0909}.Debug|x86.Build.0 = Debug|Any CPU
		{4498D74B-E5C5-48BB-A9D4-8CC55B7B0909}.Release|Any CPU.ActiveCfg = Release|Any CPU
		{4498D74B-E5C5-48BB-A9D4-8CC55B7B0909}.Release|Any CPU.Build.0 = Release|Any CPU
		{4498D74B-E5C5-48BB-A9D4-8CC55B7B0909}.Release|x86.ActiveCfg = Release|Any CPU
		{4498D74B-E5C5-48BB-A9D4-8CC55B7B0909}.Release|x86.Build.0 = Release|Any CPU
	EndGlobalSection
	GlobalSection(SolutionProperties) = preSolution
		HideSolutionNode = FALSE
	EndGlobalSection
	GlobalSection(NestedProjects) = preSolution
		{86F63532-E509-49A1-8D83-A4651E073B16} = {A424684D-86E2-4AF5-B707-E8E3FBDB696B}
	EndGlobalSection
	GlobalSection(ExtensibilityGlobals) = postSolution
		SolutionGuid = {78F9D006-91C7-4606-9335-40A1869FD7F2}
	EndGlobalSection
EndGlobal
