
Microsoft Visual Studio Solution File, Format Version 12.00
# Visual Studio 15
VisualStudioVersion = 15.0.27703.2047
MinimumVisualStudioVersion = 10.0.40219.1
Project("{FAE04EC0-301F-11D3-BF4B-00C04F79EFBC}") = "EsOdbcDsnEditor", "EsOdbcDsnEditor\EsOdbcDsnEditor.csproj", "{FAC0512C-E595-4BF4-ACB7-617611DF5715}"
EndProject
Project("{8BC9CEB8-8B4A-11D0-8D11-00A0C91BC942}") = "EsOdbcDsnBinding", "EsOdbcDsnBinding\EsOdbcDsnBinding.vcxproj", "{47824E02-6B1A-4B43-9D20-3CB2F5479F6B}"
EndProject
Global
	GlobalSection(SolutionConfigurationPlatforms) = preSolution
		Debug|Any CPU = Debug|Any CPU
		Debug|x64 = Debug|x64
		Debug|x86 = Debug|x86
		Release|Any CPU = Release|Any CPU
		Release|x64 = Release|x64
		Release|x86 = Release|x86
	EndGlobalSection
	GlobalSection(ProjectConfigurationPlatforms) = postSolution
		{FAC0512C-E595-4BF4-ACB7-617611DF5715}.Debug|Any CPU.ActiveCfg = Debug|Any CPU
		{FAC0512C-E595-4BF4-ACB7-617611DF5715}.Debug|Any CPU.Build.0 = Debug|Any CPU
		{FAC0512C-E595-4BF4-ACB7-617611DF5715}.Debug|x64.ActiveCfg = Debug|x64
		{FAC0512C-E595-4BF4-ACB7-617611DF5715}.Debug|x64.Build.0 = Debug|x64
		{FAC0512C-E595-4BF4-ACB7-617611DF5715}.Debug|x86.ActiveCfg = Debug|Any CPU
		{FAC0512C-E595-4BF4-ACB7-617611DF5715}.Debug|x86.Build.0 = Debug|Any CPU
		{FAC0512C-E595-4BF4-ACB7-617611DF5715}.Release|Any CPU.ActiveCfg = Release|Any CPU
		{FAC0512C-E595-4BF4-ACB7-617611DF5715}.Release|Any CPU.Build.0 = Release|Any CPU
		{FAC0512C-E595-4BF4-ACB7-617611DF5715}.Release|x64.ActiveCfg = Release|Any CPU
		{FAC0512C-E595-4BF4-ACB7-617611DF5715}.Release|x64.Build.0 = Release|Any CPU
		{FAC0512C-E595-4BF4-ACB7-617611DF5715}.Release|x86.ActiveCfg = Release|Any CPU
		{FAC0512C-E595-4BF4-ACB7-617611DF5715}.Release|x86.Build.0 = Release|Any CPU
		{47824E02-6B1A-4B43-9D20-3CB2F5479F6B}.Debug|Any CPU.ActiveCfg = Debug|Win32
		{47824E02-6B1A-4B43-9D20-3CB2F5479F6B}.Debug|x64.ActiveCfg = Debug|x64
		{47824E02-6B1A-4B43-9D20-3CB2F5479F6B}.Debug|x64.Build.0 = Debug|x64
		{47824E02-6B1A-4B43-9D20-3CB2F5479F6B}.Debug|x86.ActiveCfg = Debug|Win32
		{47824E02-6B1A-4B43-9D20-3CB2F5479F6B}.Debug|x86.Build.0 = Debug|Win32
		{47824E02-6B1A-4B43-9D20-3CB2F5479F6B}.Release|Any CPU.ActiveCfg = Release|Win32
		{47824E02-6B1A-4B43-9D20-3CB2F5479F6B}.Release|x64.ActiveCfg = Release|x64
		{47824E02-6B1A-4B43-9D20-3CB2F5479F6B}.Release|x64.Build.0 = Release|x64
		{47824E02-6B1A-4B43-9D20-3CB2F5479F6B}.Release|x86.ActiveCfg = Release|Win32
		{47824E02-6B1A-4B43-9D20-3CB2F5479F6B}.Release|x86.Build.0 = Release|Win32
	EndGlobalSection
	GlobalSection(SolutionProperties) = preSolution
		HideSolutionNode = FALSE
	EndGlobalSection
	GlobalSection(ExtensibilityGlobals) = postSolution
		SolutionGuid = {208F0E95-4408-4AEB-BE40-8230AF03964B}
	EndGlobalSection
EndGlobal
